// !$*UTF8*$!
{
	archiveVersion = 1;
	classes = {
	};
	objectVersion = 56;
	objects = {

/* Begin PBXBuildFile section */
		70A670A72A57C07F001F7F06 /* CatListCellView.swift in Sources */ = {isa = PBXBuildFile; fileRef = 70A670A62A57C07F001F7F06 /* CatListCellView.swift */; };
		70BC54622A5E5B7F001480D6 /* LoginView.swift in Sources */ = {isa = PBXBuildFile; fileRef = 70BC54612A5E5B7F001480D6 /* LoginView.swift */; };
		70C398552A4CB6A600E8162C /* UnitTesting_SampleProjectApp.swift in Sources */ = {isa = PBXBuildFile; fileRef = 70C398542A4CB6A600E8162C /* UnitTesting_SampleProjectApp.swift */; };
		70C398572A4CB6A600E8162C /* ContentView.swift in Sources */ = {isa = PBXBuildFile; fileRef = 70C398562A4CB6A600E8162C /* ContentView.swift */; };
		70C398592A4CB6A800E8162C /* Assets.xcassets in Resources */ = {isa = PBXBuildFile; fileRef = 70C398582A4CB6A800E8162C /* Assets.xcassets */; };
		70C3985C2A4CB6A800E8162C /* Preview Assets.xcassets in Resources */ = {isa = PBXBuildFile; fileRef = 70C3985B2A4CB6A800E8162C /* Preview Assets.xcassets */; };
		70C398642A4CB6CC00E8162C /* NetworkService.swift in Sources */ = {isa = PBXBuildFile; fileRef = 70C398632A4CB6CC00E8162C /* NetworkService.swift */; };
		70C398662A4CB6DD00E8162C /* NetworkError.swift in Sources */ = {isa = PBXBuildFile; fileRef = 70C398652A4CB6DD00E8162C /* NetworkError.swift */; };
		70C398682A4CBD1500E8162C /* Service.swift in Sources */ = {isa = PBXBuildFile; fileRef = 70C398672A4CBD1500E8162C /* Service.swift */; };
		70C3986B2A4CC13E00E8162C /* CatService.swift in Sources */ = {isa = PBXBuildFile; fileRef = 70C3986A2A4CC13E00E8162C /* CatService.swift */; };
		70C3986E2A4CEAAC00E8162C /* CatbreedModel.swift in Sources */ = {isa = PBXBuildFile; fileRef = 70C3986D2A4CEAAC00E8162C /* CatbreedModel.swift */; };
		70C398712A4CEB2300E8162C /* CatViewModel.swift in Sources */ = {isa = PBXBuildFile; fileRef = 70C398702A4CEB2300E8162C /* CatViewModel.swift */; };
		70C398852A4CF21600E8162C /* MockUrlProtocol.swift in Sources */ = {isa = PBXBuildFile; fileRef = 70C398842A4CF21600E8162C /* MockUrlProtocol.swift */; };
		70C398872A4CF33100E8162C /* MockCatService.swift in Sources */ = {isa = PBXBuildFile; fileRef = 70C398862A4CF33100E8162C /* MockCatService.swift */; };
		70C3988B2A4CF41F00E8162C /* CatServiceTests.swift in Sources */ = {isa = PBXBuildFile; fileRef = 70C3988A2A4CF41F00E8162C /* CatServiceTests.swift */; };
		70C3988E2A4CF4A800E8162C /* HelperFunctions.swift in Sources */ = {isa = PBXBuildFile; fileRef = 70C3988D2A4CF4A800E8162C /* HelperFunctions.swift */; };
		70C398952A4D3F6300E8162C /* CatbreedJSON.json in Resources */ = {isa = PBXBuildFile; fileRef = 70C398942A4D3F6300E8162C /* CatbreedJSON.json */; };
		70C3A6A22A4E29160094D1C0 /* NetworkProtocols.swift in Sources */ = {isa = PBXBuildFile; fileRef = 70C3A6A12A4E29160094D1C0 /* NetworkProtocols.swift */; };
		70C3A6A42A4E29410094D1C0 /* HttpMethods.swift in Sources */ = {isa = PBXBuildFile; fileRef = 70C3A6A32A4E29410094D1C0 /* HttpMethods.swift */; };
		70C3A6A92A4E2AAA0094D1C0 /* CatViewModelTests.swift in Sources */ = {isa = PBXBuildFile; fileRef = 70C3A6A82A4E2AAA0094D1C0 /* CatViewModelTests.swift */; };
/* End PBXBuildFile section */

/* Begin PBXContainerItemProxy section */
		70C3987A2A4CF1A300E8162C /* PBXContainerItemProxy */ = {
			isa = PBXContainerItemProxy;
			containerPortal = 70C398492A4CB6A600E8162C /* Project object */;
			proxyType = 1;
			remoteGlobalIDString = 70C398502A4CB6A600E8162C;
			remoteInfo = "UnitTesting-SampleProject";
		};
/* End PBXContainerItemProxy section */

/* Begin PBXFileReference section */
		70A670A62A57C07F001F7F06 /* CatListCellView.swift */ = {isa = PBXFileReference; lastKnownFileType = sourcecode.swift; path = CatListCellView.swift; sourceTree = "<group>"; };
		70BC54612A5E5B7F001480D6 /* LoginView.swift */ = {isa = PBXFileReference; lastKnownFileType = sourcecode.swift; path = LoginView.swift; sourceTree = "<group>"; };
		70C398512A4CB6A600E8162C /* UnitTesting-SampleProject.app */ = {isa = PBXFileReference; explicitFileType = wrapper.application; includeInIndex = 0; path = "UnitTesting-SampleProject.app"; sourceTree = BUILT_PRODUCTS_DIR; };
		70C398542A4CB6A600E8162C /* UnitTesting_SampleProjectApp.swift */ = {isa = PBXFileReference; lastKnownFileType = sourcecode.swift; path = UnitTesting_SampleProjectApp.swift; sourceTree = "<group>"; };
		70C398562A4CB6A600E8162C /* ContentView.swift */ = {isa = PBXFileReference; lastKnownFileType = sourcecode.swift; path = ContentView.swift; sourceTree = "<group>"; };
		70C398582A4CB6A800E8162C /* Assets.xcassets */ = {isa = PBXFileReference; lastKnownFileType = folder.assetcatalog; path = Assets.xcassets; sourceTree = "<group>"; };
		70C3985B2A4CB6A800E8162C /* Preview Assets.xcassets */ = {isa = PBXFileReference; lastKnownFileType = folder.assetcatalog; path = "Preview Assets.xcassets"; sourceTree = "<group>"; };
		70C398632A4CB6CC00E8162C /* NetworkService.swift */ = {isa = PBXFileReference; lastKnownFileType = sourcecode.swift; path = NetworkService.swift; sourceTree = "<group>"; };
		70C398652A4CB6DD00E8162C /* NetworkError.swift */ = {isa = PBXFileReference; lastKnownFileType = sourcecode.swift; path = NetworkError.swift; sourceTree = "<group>"; };
		70C398672A4CBD1500E8162C /* Service.swift */ = {isa = PBXFileReference; lastKnownFileType = sourcecode.swift; path = Service.swift; sourceTree = "<group>"; };
		70C3986A2A4CC13E00E8162C /* CatService.swift */ = {isa = PBXFileReference; lastKnownFileType = sourcecode.swift; path = CatService.swift; sourceTree = "<group>"; };
		70C3986D2A4CEAAC00E8162C /* CatbreedModel.swift */ = {isa = PBXFileReference; lastKnownFileType = sourcecode.swift; path = CatbreedModel.swift; sourceTree = "<group>"; };
		70C398702A4CEB2300E8162C /* CatViewModel.swift */ = {isa = PBXFileReference; lastKnownFileType = sourcecode.swift; path = CatViewModel.swift; sourceTree = "<group>"; };
		70C398762A4CF1A300E8162C /* UnitTesting-SampleProjectTests.xctest */ = {isa = PBXFileReference; explicitFileType = wrapper.cfbundle; includeInIndex = 0; path = "UnitTesting-SampleProjectTests.xctest"; sourceTree = BUILT_PRODUCTS_DIR; };
		70C398842A4CF21600E8162C /* MockUrlProtocol.swift */ = {isa = PBXFileReference; lastKnownFileType = sourcecode.swift; path = MockUrlProtocol.swift; sourceTree = "<group>"; };
		70C398862A4CF33100E8162C /* MockCatService.swift */ = {isa = PBXFileReference; lastKnownFileType = sourcecode.swift; path = MockCatService.swift; sourceTree = "<group>"; };
		70C3988A2A4CF41F00E8162C /* CatServiceTests.swift */ = {isa = PBXFileReference; lastKnownFileType = sourcecode.swift; path = CatServiceTests.swift; sourceTree = "<group>"; };
		70C3988D2A4CF4A800E8162C /* HelperFunctions.swift */ = {isa = PBXFileReference; lastKnownFileType = sourcecode.swift; path = HelperFunctions.swift; sourceTree = "<group>"; };
		70C398942A4D3F6300E8162C /* CatbreedJSON.json */ = {isa = PBXFileReference; fileEncoding = 4; lastKnownFileType = text.json; path = CatbreedJSON.json; sourceTree = "<group>"; };
		70C3A6A12A4E29160094D1C0 /* NetworkProtocols.swift */ = {isa = PBXFileReference; lastKnownFileType = sourcecode.swift; path = NetworkProtocols.swift; sourceTree = "<group>"; };
		70C3A6A32A4E29410094D1C0 /* HttpMethods.swift */ = {isa = PBXFileReference; lastKnownFileType = sourcecode.swift; path = HttpMethods.swift; sourceTree = "<group>"; };
		70C3A6A82A4E2AAA0094D1C0 /* CatViewModelTests.swift */ = {isa = PBXFileReference; lastKnownFileType = sourcecode.swift; path = CatViewModelTests.swift; sourceTree = "<group>"; };
/* End PBXFileReference section */

/* Begin PBXFrameworksBuildPhase section */
		70C3984E2A4CB6A600E8162C /* Frameworks */ = {
			isa = PBXFrameworksBuildPhase;
			buildActionMask = 2147483647;
			files = (
			);
			runOnlyForDeploymentPostprocessing = 0;
		};
		70C398732A4CF1A300E8162C /* Frameworks */ = {
			isa = PBXFrameworksBuildPhase;
			buildActionMask = 2147483647;
			files = (
			);
			runOnlyForDeploymentPostprocessing = 0;
		};
/* End PBXFrameworksBuildPhase section */

/* Begin PBXGroup section */
		70A670A52A57C073001F7F06 /* View */ = {
			isa = PBXGroup;
			children = (
				70A670A62A57C07F001F7F06 /* CatListCellView.swift */,
				70BC54612A5E5B7F001480D6 /* LoginView.swift */,
			);
			path = View;
			sourceTree = "<group>";
		};
		70C398482A4CB6A600E8162C = {
			isa = PBXGroup;
			children = (
				70C398532A4CB6A600E8162C /* UnitTesting-SampleProject */,
				70C398772A4CF1A300E8162C /* UnitTesting-SampleProjectTests */,
				70C398522A4CB6A600E8162C /* Products */,
			);
			sourceTree = "<group>";
		};
		70C398522A4CB6A600E8162C /* Products */ = {
			isa = PBXGroup;
			children = (
				70C398512A4CB6A600E8162C /* UnitTesting-SampleProject.app */,
				70C398762A4CF1A300E8162C /* UnitTesting-SampleProjectTests.xctest */,
			);
			name = Products;
			sourceTree = "<group>";
		};
		70C398532A4CB6A600E8162C /* UnitTesting-SampleProject */ = {
			isa = PBXGroup;
			children = (
				70A670A52A57C073001F7F06 /* View */,
				70C3988F2A4CF4CD00E8162C /* JSON */,
				70C3988C2A4CF4A100E8162C /* Helpers */,
				70C3986F2A4CEB1700E8162C /* CatViewModel */,
				70C3986C2A4CEA9200E8162C /* Models */,
				70C398692A4CC13400E8162C /* Services */,
				70C398622A4CB6BB00E8162C /* Network */,
				70C398542A4CB6A600E8162C /* UnitTesting_SampleProjectApp.swift */,
				70C398562A4CB6A600E8162C /* ContentView.swift */,
				70C398582A4CB6A800E8162C /* Assets.xcassets */,
				70C3985A2A4CB6A800E8162C /* Preview Content */,
			);
			path = "UnitTesting-SampleProject";
			sourceTree = "<group>";
		};
		70C3985A2A4CB6A800E8162C /* Preview Content */ = {
			isa = PBXGroup;
			children = (
				70C3985B2A4CB6A800E8162C /* Preview Assets.xcassets */,
			);
			path = "Preview Content";
			sourceTree = "<group>";
		};
		70C398622A4CB6BB00E8162C /* Network */ = {
			isa = PBXGroup;
			children = (
				70C398632A4CB6CC00E8162C /* NetworkService.swift */,
				70C398652A4CB6DD00E8162C /* NetworkError.swift */,
				70C398672A4CBD1500E8162C /* Service.swift */,
				70C3A6A12A4E29160094D1C0 /* NetworkProtocols.swift */,
				70C3A6A32A4E29410094D1C0 /* HttpMethods.swift */,
			);
			path = Network;
			sourceTree = "<group>";
		};
		70C398692A4CC13400E8162C /* Services */ = {
			isa = PBXGroup;
			children = (
				70C3986A2A4CC13E00E8162C /* CatService.swift */,
			);
			path = Services;
			sourceTree = "<group>";
		};
		70C3986C2A4CEA9200E8162C /* Models */ = {
			isa = PBXGroup;
			children = (
				70C3986D2A4CEAAC00E8162C /* CatbreedModel.swift */,
			);
			path = Models;
			sourceTree = "<group>";
		};
		70C3986F2A4CEB1700E8162C /* CatViewModel */ = {
			isa = PBXGroup;
			children = (
				70C398702A4CEB2300E8162C /* CatViewModel.swift */,
			);
			path = CatViewModel;
			sourceTree = "<group>";
		};
		70C398772A4CF1A300E8162C /* UnitTesting-SampleProjectTests */ = {
			isa = PBXGroup;
			children = (
				70C398882A4CF3FE00E8162C /* Tests */,
				70C3987F2A4CF1AC00E8162C /* Mocks */,
			);
			path = "UnitTesting-SampleProjectTests";
			sourceTree = "<group>";
		};
		70C3987F2A4CF1AC00E8162C /* Mocks */ = {
			isa = PBXGroup;
			children = (
				70C398832A4CF1E200E8162C /* Network */,
				70C398802A4CF1B300E8162C /* Services */,
			);
			path = Mocks;
			sourceTree = "<group>";
		};
		70C398802A4CF1B300E8162C /* Services */ = {
			isa = PBXGroup;
			children = (
				70C398862A4CF33100E8162C /* MockCatService.swift */,
			);
			path = Services;
			sourceTree = "<group>";
		};
		70C398832A4CF1E200E8162C /* Network */ = {
			isa = PBXGroup;
			children = (
				70C398842A4CF21600E8162C /* MockUrlProtocol.swift */,
			);
			path = Network;
			sourceTree = "<group>";
		};
		70C398882A4CF3FE00E8162C /* Tests */ = {
			isa = PBXGroup;
			children = (
				70C3A6A52A4E2A880094D1C0 /* CatViewModel */,
				70C398892A4CF40600E8162C /* CatService */,
			);
			path = Tests;
			sourceTree = "<group>";
		};
		70C398892A4CF40600E8162C /* CatService */ = {
			isa = PBXGroup;
			children = (
				70C3988A2A4CF41F00E8162C /* CatServiceTests.swift */,
			);
			path = CatService;
			sourceTree = "<group>";
		};
		70C3988C2A4CF4A100E8162C /* Helpers */ = {
			isa = PBXGroup;
			children = (
				70C3988D2A4CF4A800E8162C /* HelperFunctions.swift */,
			);
			path = Helpers;
			sourceTree = "<group>";
		};
		70C3988F2A4CF4CD00E8162C /* JSON */ = {
			isa = PBXGroup;
			children = (
				70C398942A4D3F6300E8162C /* CatbreedJSON.json */,
			);
			path = JSON;
			sourceTree = "<group>";
		};
		70C3A6A52A4E2A880094D1C0 /* CatViewModel */ = {
			isa = PBXGroup;
			children = (
				70C3A6A82A4E2AAA0094D1C0 /* CatViewModelTests.swift */,
			);
			path = CatViewModel;
			sourceTree = "<group>";
		};
/* End PBXGroup section */

/* Begin PBXNativeTarget section */
		70C398502A4CB6A600E8162C /* UnitTesting-SampleProject */ = {
			isa = PBXNativeTarget;
			buildConfigurationList = 70C3985F2A4CB6A800E8162C /* Build configuration list for PBXNativeTarget "UnitTesting-SampleProject" */;
			buildPhases = (
				70C3984D2A4CB6A600E8162C /* Sources */,
				70C3984E2A4CB6A600E8162C /* Frameworks */,
				70C3984F2A4CB6A600E8162C /* Resources */,
			);
			buildRules = (
			);
			dependencies = (
			);
			name = "UnitTesting-SampleProject";
			productName = "UnitTesting-SampleProject";
			productReference = 70C398512A4CB6A600E8162C /* UnitTesting-SampleProject.app */;
			productType = "com.apple.product-type.application";
		};
		70C398752A4CF1A300E8162C /* UnitTesting-SampleProjectTests */ = {
			isa = PBXNativeTarget;
			buildConfigurationList = 70C3987C2A4CF1A300E8162C /* Build configuration list for PBXNativeTarget "UnitTesting-SampleProjectTests" */;
			buildPhases = (
				70C398722A4CF1A300E8162C /* Sources */,
				70C398732A4CF1A300E8162C /* Frameworks */,
				70C398742A4CF1A300E8162C /* Resources */,
			);
			buildRules = (
			);
			dependencies = (
				70C3987B2A4CF1A300E8162C /* PBXTargetDependency */,
			);
			name = "UnitTesting-SampleProjectTests";
			productName = "UnitTesting-SampleProjectTests";
			productReference = 70C398762A4CF1A300E8162C /* UnitTesting-SampleProjectTests.xctest */;
			productType = "com.apple.product-type.bundle.unit-test";
		};
/* End PBXNativeTarget section */

/* Begin PBXProject section */
		70C398492A4CB6A600E8162C /* Project object */ = {
			isa = PBXProject;
			attributes = {
				BuildIndependentTargetsInParallel = 1;
				LastSwiftUpdateCheck = 1430;
				LastUpgradeCheck = 1430;
				TargetAttributes = {
					70C398502A4CB6A600E8162C = {
						CreatedOnToolsVersion = 14.3.1;
					};
					70C398752A4CF1A300E8162C = {
						CreatedOnToolsVersion = 14.3.1;
						LastSwiftMigration = 1430;
						TestTargetID = 70C398502A4CB6A600E8162C;
					};
				};
			};
			buildConfigurationList = 70C3984C2A4CB6A600E8162C /* Build configuration list for PBXProject "UnitTesting-SampleProject" */;
			compatibilityVersion = "Xcode 14.0";
			developmentRegion = en;
			hasScannedForEncodings = 0;
			knownRegions = (
				en,
				Base,
			);
			mainGroup = 70C398482A4CB6A600E8162C;
			productRefGroup = 70C398522A4CB6A600E8162C /* Products */;
			projectDirPath = "";
			projectRoot = "";
			targets = (
				70C398502A4CB6A600E8162C /* UnitTesting-SampleProject */,
				70C398752A4CF1A300E8162C /* UnitTesting-SampleProjectTests */,
			);
		};
/* End PBXProject section */

/* Begin PBXResourcesBuildPhase section */
		70C3984F2A4CB6A600E8162C /* Resources */ = {
			isa = PBXResourcesBuildPhase;
			buildActionMask = 2147483647;
			files = (
				70C398952A4D3F6300E8162C /* CatbreedJSON.json in Resources */,
				70C3985C2A4CB6A800E8162C /* Preview Assets.xcassets in Resources */,
				70C398592A4CB6A800E8162C /* Assets.xcassets in Resources */,
			);
			runOnlyForDeploymentPostprocessing = 0;
		};
		70C398742A4CF1A300E8162C /* Resources */ = {
			isa = PBXResourcesBuildPhase;
			buildActionMask = 2147483647;
			files = (
			);
			runOnlyForDeploymentPostprocessing = 0;
		};
/* End PBXResourcesBuildPhase section */

/* Begin PBXSourcesBuildPhase section */
		70C3984D2A4CB6A600E8162C /* Sources */ = {
			isa = PBXSourcesBuildPhase;
			buildActionMask = 2147483647;
			files = (
				70C3A6A42A4E29410094D1C0 /* HttpMethods.swift in Sources */,
				70C3986B2A4CC13E00E8162C /* CatService.swift in Sources */,
				70C398712A4CEB2300E8162C /* CatViewModel.swift in Sources */,
				70C3988E2A4CF4A800E8162C /* HelperFunctions.swift in Sources */,
				70C398572A4CB6A600E8162C /* ContentView.swift in Sources */,
				70C3A6A22A4E29160094D1C0 /* NetworkProtocols.swift in Sources */,
				70C398662A4CB6DD00E8162C /* NetworkError.swift in Sources */,
				70A670A72A57C07F001F7F06 /* CatListCellView.swift in Sources */,
				70C398682A4CBD1500E8162C /* Service.swift in Sources */,
				70C398642A4CB6CC00E8162C /* NetworkService.swift in Sources */,
				70BC54622A5E5B7F001480D6 /* LoginView.swift in Sources */,
				70C398552A4CB6A600E8162C /* UnitTesting_SampleProjectApp.swift in Sources */,
				70C3986E2A4CEAAC00E8162C /* CatbreedModel.swift in Sources */,
			);
			runOnlyForDeploymentPostprocessing = 0;
		};
		70C398722A4CF1A300E8162C /* Sources */ = {
			isa = PBXSourcesBuildPhase;
			buildActionMask = 2147483647;
			files = (
				70C398872A4CF33100E8162C /* MockCatService.swift in Sources */,
				70C3A6A92A4E2AAA0094D1C0 /* CatViewModelTests.swift in Sources */,
				70C398852A4CF21600E8162C /* MockUrlProtocol.swift in Sources */,
				70C3988B2A4CF41F00E8162C /* CatServiceTests.swift in Sources */,
			);
			runOnlyForDeploymentPostprocessing = 0;
		};
/* End PBXSourcesBuildPhase section */

/* Begin PBXTargetDependency section */
		70C3987B2A4CF1A300E8162C /* PBXTargetDependency */ = {
			isa = PBXTargetDependency;
			target = 70C398502A4CB6A600E8162C /* UnitTesting-SampleProject */;
			targetProxy = 70C3987A2A4CF1A300E8162C /* PBXContainerItemProxy */;
		};
/* End PBXTargetDependency section */

/* Begin XCBuildConfiguration section */
		70C3985D2A4CB6A800E8162C /* Debug */ = {
			isa = XCBuildConfiguration;
			buildSettings = {
				ALWAYS_SEARCH_USER_PATHS = NO;
				CLANG_ANALYZER_NONNULL = YES;
				CLANG_ANALYZER_NUMBER_OBJECT_CONVERSION = YES_AGGRESSIVE;
				CLANG_CXX_LANGUAGE_STANDARD = "gnu++20";
				CLANG_ENABLE_MODULES = YES;
				CLANG_ENABLE_OBJC_ARC = YES;
				CLANG_ENABLE_OBJC_WEAK = YES;
				CLANG_WARN_BLOCK_CAPTURE_AUTORELEASING = YES;
				CLANG_WARN_BOOL_CONVERSION = YES;
				CLANG_WARN_COMMA = YES;
				CLANG_WARN_CONSTANT_CONVERSION = YES;
				CLANG_WARN_DEPRECATED_OBJC_IMPLEMENTATIONS = YES;
				CLANG_WARN_DIRECT_OBJC_ISA_USAGE = YES_ERROR;
				CLANG_WARN_DOCUMENTATION_COMMENTS = YES;
				CLANG_WARN_EMPTY_BODY = YES;
				CLANG_WARN_ENUM_CONVERSION = YES;
				CLANG_WARN_INFINITE_RECURSION = YES;
				CLANG_WARN_INT_CONVERSION = YES;
				CLANG_WARN_NON_LITERAL_NULL_CONVERSION = YES;
				CLANG_WARN_OBJC_IMPLICIT_RETAIN_SELF = YES;
				CLANG_WARN_OBJC_LITERAL_CONVERSION = YES;
				CLANG_WARN_OBJC_ROOT_CLASS = YES_ERROR;
				CLANG_WARN_QUOTED_INCLUDE_IN_FRAMEWORK_HEADER = YES;
				CLANG_WARN_RANGE_LOOP_ANALYSIS = YES;
				CLANG_WARN_STRICT_PROTOTYPES = YES;
				CLANG_WARN_SUSPICIOUS_MOVE = YES;
				CLANG_WARN_UNGUARDED_AVAILABILITY = YES_AGGRESSIVE;
				CLANG_WARN_UNREACHABLE_CODE = YES;
				CLANG_WARN__DUPLICATE_METHOD_MATCH = YES;
				COPY_PHASE_STRIP = NO;
				DEBUG_INFORMATION_FORMAT = dwarf;
				ENABLE_STRICT_OBJC_MSGSEND = YES;
				ENABLE_TESTABILITY = YES;
				GCC_C_LANGUAGE_STANDARD = gnu11;
				GCC_DYNAMIC_NO_PIC = NO;
				GCC_NO_COMMON_BLOCKS = YES;
				GCC_OPTIMIZATION_LEVEL = 0;
				GCC_PREPROCESSOR_DEFINITIONS = (
					"DEBUG=1",
					"$(inherited)",
				);
				GCC_WARN_64_TO_32_BIT_CONVERSION = YES;
				GCC_WARN_ABOUT_RETURN_TYPE = YES_ERROR;
				GCC_WARN_UNDECLARED_SELECTOR = YES;
				GCC_WARN_UNINITIALIZED_AUTOS = YES_AGGRESSIVE;
				GCC_WARN_UNUSED_FUNCTION = YES;
				GCC_WARN_UNUSED_VARIABLE = YES;
				IPHONEOS_DEPLOYMENT_TARGET = 16.4;
				MTL_ENABLE_DEBUG_INFO = INCLUDE_SOURCE;
				MTL_FAST_MATH = YES;
				ONLY_ACTIVE_ARCH = YES;
				SDKROOT = iphoneos;
				SWIFT_ACTIVE_COMPILATION_CONDITIONS = DEBUG;
				SWIFT_OPTIMIZATION_LEVEL = "-Onone";
			};
			name = Debug;
		};
		70C3985E2A4CB6A800E8162C /* Release */ = {
			isa = XCBuildConfiguration;
			buildSettings = {
				ALWAYS_SEARCH_USER_PATHS = NO;
				CLANG_ANALYZER_NONNULL = YES;
				CLANG_ANALYZER_NUMBER_OBJECT_CONVERSION = YES_AGGRESSIVE;
				CLANG_CXX_LANGUAGE_STANDARD = "gnu++20";
				CLANG_ENABLE_MODULES = YES;
				CLANG_ENABLE_OBJC_ARC = YES;
				CLANG_ENABLE_OBJC_WEAK = YES;
				CLANG_WARN_BLOCK_CAPTURE_AUTORELEASING = YES;
				CLANG_WARN_BOOL_CONVERSION = YES;
				CLANG_WARN_COMMA = YES;
				CLANG_WARN_CONSTANT_CONVERSION = YES;
				CLANG_WARN_DEPRECATED_OBJC_IMPLEMENTATIONS = YES;
				CLANG_WARN_DIRECT_OBJC_ISA_USAGE = YES_ERROR;
				CLANG_WARN_DOCUMENTATION_COMMENTS = YES;
				CLANG_WARN_EMPTY_BODY = YES;
				CLANG_WARN_ENUM_CONVERSION = YES;
				CLANG_WARN_INFINITE_RECURSION = YES;
				CLANG_WARN_INT_CONVERSION = YES;
				CLANG_WARN_NON_LITERAL_NULL_CONVERSION = YES;
				CLANG_WARN_OBJC_IMPLICIT_RETAIN_SELF = YES;
				CLANG_WARN_OBJC_LITERAL_CONVERSION = YES;
				CLANG_WARN_OBJC_ROOT_CLASS = YES_ERROR;
				CLANG_WARN_QUOTED_INCLUDE_IN_FRAMEWORK_HEADER = YES;
				CLANG_WARN_RANGE_LOOP_ANALYSIS = YES;
				CLANG_WARN_STRICT_PROTOTYPES = YES;
				CLANG_WARN_SUSPICIOUS_MOVE = YES;
				CLANG_WARN_UNGUARDED_AVAILABILITY = YES_AGGRESSIVE;
				CLANG_WARN_UNREACHABLE_CODE = YES;
				CLANG_WARN__DUPLICATE_METHOD_MATCH = YES;
				COPY_PHASE_STRIP = NO;
				DEBUG_INFORMATION_FORMAT = "dwarf-with-dsym";
				ENABLE_NS_ASSERTIONS = NO;
				ENABLE_STRICT_OBJC_MSGSEND = YES;
				GCC_C_LANGUAGE_STANDARD = gnu11;
				GCC_NO_COMMON_BLOCKS = YES;
				GCC_WARN_64_TO_32_BIT_CONVERSION = YES;
				GCC_WARN_ABOUT_RETURN_TYPE = YES_ERROR;
				GCC_WARN_UNDECLARED_SELECTOR = YES;
				GCC_WARN_UNINITIALIZED_AUTOS = YES_AGGRESSIVE;
				GCC_WARN_UNUSED_FUNCTION = YES;
				GCC_WARN_UNUSED_VARIABLE = YES;
				IPHONEOS_DEPLOYMENT_TARGET = 16.4;
				MTL_ENABLE_DEBUG_INFO = NO;
				MTL_FAST_MATH = YES;
				SDKROOT = iphoneos;
				SWIFT_COMPILATION_MODE = wholemodule;
				SWIFT_OPTIMIZATION_LEVEL = "-O";
				VALIDATE_PRODUCT = YES;
			};
			name = Release;
		};
		70C398602A4CB6A800E8162C /* Debug */ = {
			isa = XCBuildConfiguration;
			buildSettings = {
				ASSETCATALOG_COMPILER_APPICON_NAME = AppIcon;
				ASSETCATALOG_COMPILER_GLOBAL_ACCENT_COLOR_NAME = AccentColor;
				CODE_SIGN_STYLE = Automatic;
				CURRENT_PROJECT_VERSION = 1;
				DEVELOPMENT_ASSET_PATHS = "\"UnitTesting-SampleProject/Preview Content\"";
				DEVELOPMENT_TEAM = FXJ7FY6YF8;
				ENABLE_PREVIEWS = YES;
				GENERATE_INFOPLIST_FILE = YES;
				INFOPLIST_KEY_UIApplicationSceneManifest_Generation = YES;
				INFOPLIST_KEY_UIApplicationSupportsIndirectInputEvents = YES;
				INFOPLIST_KEY_UILaunchScreen_Generation = YES;
				INFOPLIST_KEY_UISupportedInterfaceOrientations_iPad = "UIInterfaceOrientationPortrait UIInterfaceOrientationPortraitUpsideDown UIInterfaceOrientationLandscapeLeft UIInterfaceOrientationLandscapeRight";
				INFOPLIST_KEY_UISupportedInterfaceOrientations_iPhone = "UIInterfaceOrientationPortrait UIInterfaceOrientationLandscapeLeft UIInterfaceOrientationLandscapeRight";
				LD_RUNPATH_SEARCH_PATHS = (
					"$(inherited)",
					"@executable_path/Frameworks",
				);
				MARKETING_VERSION = 1.0;
				PRODUCT_BUNDLE_IDENTIFIER = "com.daniyal.UnitTesting-SampleProject";
				PRODUCT_NAME = "$(TARGET_NAME)";
				SWIFT_EMIT_LOC_STRINGS = YES;
				SWIFT_VERSION = 5.0;
				TARGETED_DEVICE_FAMILY = "1,2";
			};
			name = Debug;
		};
		70C398612A4CB6A800E8162C /* Release */ = {
			isa = XCBuildConfiguration;
			buildSettings = {
				ASSETCATALOG_COMPILER_APPICON_NAME = AppIcon;
				ASSETCATALOG_COMPILER_GLOBAL_ACCENT_COLOR_NAME = AccentColor;
				CODE_SIGN_STYLE = Automatic;
				CURRENT_PROJECT_VERSION = 1;
				DEVELOPMENT_ASSET_PATHS = "\"UnitTesting-SampleProject/Preview Content\"";
				DEVELOPMENT_TEAM = FXJ7FY6YF8;
				ENABLE_PREVIEWS = YES;
				GENERATE_INFOPLIST_FILE = YES;
				INFOPLIST_KEY_UIApplicationSceneManifest_Generation = YES;
				INFOPLIST_KEY_UIApplicationSupportsIndirectInputEvents = YES;
				INFOPLIST_KEY_UILaunchScreen_Generation = YES;
				INFOPLIST_KEY_UISupportedInterfaceOrientations_iPad = "UIInterfaceOrientationPortrait UIInterfaceOrientationPortraitUpsideDown UIInterfaceOrientationLandscapeLeft UIInterfaceOrientationLandscapeRight";
				INFOPLIST_KEY_UISupportedInterfaceOrientations_iPhone = "UIInterfaceOrientationPortrait UIInterfaceOrientationLandscapeLeft UIInterfaceOrientationLandscapeRight";
				LD_RUNPATH_SEARCH_PATHS = (
					"$(inherited)",
					"@executable_path/Frameworks",
				);
				MARKETING_VERSION = 1.0;
				PRODUCT_BUNDLE_IDENTIFIER = "com.daniyal.UnitTesting-SampleProject";
				PRODUCT_NAME = "$(TARGET_NAME)";
				SWIFT_EMIT_LOC_STRINGS = YES;
				SWIFT_VERSION = 5.0;
				TARGETED_DEVICE_FAMILY = "1,2";
			};
			name = Release;
		};
		70C3987D2A4CF1A300E8162C /* Debug */ = {
			isa = XCBuildConfiguration;
			buildSettings = {
				BUNDLE_LOADER = "$(TEST_HOST)";
				CLANG_ENABLE_MODULES = YES;
				CODE_SIGN_STYLE = Automatic;
				CURRENT_PROJECT_VERSION = 1;
				DEVELOPMENT_TEAM = FXJ7FY6YF8;
				GENERATE_INFOPLIST_FILE = YES;
				MARKETING_VERSION = 1.0;
				PRODUCT_BUNDLE_IDENTIFIER = "com.daniyal.UnitTesting-SampleProjectTests";
				PRODUCT_NAME = "$(TARGET_NAME)";
				SWIFT_EMIT_LOC_STRINGS = NO;
				SWIFT_OPTIMIZATION_LEVEL = "-Onone";
				SWIFT_VERSION = 5.0;
				TARGETED_DEVICE_FAMILY = "1,2";
				TEST_HOST = "$(BUILT_PRODUCTS_DIR)/UnitTesting-SampleProject.app/$(BUNDLE_EXECUTABLE_FOLDER_PATH)/UnitTesting-SampleProject";
			};
			name = Debug;
		};
		70C3987E2A4CF1A300E8162C /* Release */ = {
			isa = XCBuildConfiguration;
			buildSettings = {
				BUNDLE_LOADER = "$(TEST_HOST)";
				CLANG_ENABLE_MODULES = YES;
				CODE_SIGN_STYLE = Automatic;
				CURRENT_PROJECT_VERSION = 1;
				DEVELOPMENT_TEAM = FXJ7FY6YF8;
				GENERATE_INFOPLIST_FILE = YES;
				MARKETING_VERSION = 1.0;
				PRODUCT_BUNDLE_IDENTIFIER = "com.daniyal.UnitTesting-SampleProjectTests";
				PRODUCT_NAME = "$(TARGET_NAME)";
				SWIFT_EMIT_LOC_STRINGS = NO;
				SWIFT_VERSION = 5.0;
				TARGETED_DEVICE_FAMILY = "1,2";
				TEST_HOST = "$(BUILT_PRODUCTS_DIR)/UnitTesting-SampleProject.app/$(BUNDLE_EXECUTABLE_FOLDER_PATH)/UnitTesting-SampleProject";
			};
			name = Release;
		};
/* End XCBuildConfiguration section */

/* Begin XCConfigurationList section */
		70C3984C2A4CB6A600E8162C /* Build configuration list for PBXProject "UnitTesting-SampleProject" */ = {
			isa = XCConfigurationList;
			buildConfigurations = (
				70C3985D2A4CB6A800E8162C /* Debug */,
				70C3985E2A4CB6A800E8162C /* Release */,
			);
			defaultConfigurationIsVisible = 0;
			defaultConfigurationName = Release;
		};
		70C3985F2A4CB6A800E8162C /* Build configuration list for PBXNativeTarget "UnitTesting-SampleProject" */ = {
			isa = XCConfigurationList;
			buildConfigurations = (
				70C398602A4CB6A800E8162C /* Debug */,
				70C398612A4CB6A800E8162C /* Release */,
			);
			defaultConfigurationIsVisible = 0;
			defaultConfigurationName = Release;
		};
		70C3987C2A4CF1A300E8162C /* Build configuration list for PBXNativeTarget "UnitTesting-SampleProjectTests" */ = {
			isa = XCConfigurationList;
			buildConfigurations = (
				70C3987D2A4CF1A300E8162C /* Debug */,
				70C3987E2A4CF1A300E8162C /* Release */,
			);
			defaultConfigurationIsVisible = 0;
			defaultConfigurationName = Release;
		};
/* End XCConfigurationList section */
	};
	rootObject = 70C398492A4CB6A600E8162C /* Project object */;
}
